<?xml version="1.0" encoding="utf-8"?>
<Project ToolsVersion="4.0" xmlns="http://schemas.microsoft.com/developer/msbuild/2003">
  <ItemGroup>
    <Filter Include="Source Files">
      <UniqueIdentifier>{4FC737F1-C7A5-4376-A066-2A32D752A2FF}</UniqueIdentifier>
      <Extensions>cpp;c;cc;cxx;c++;cppm;ixx;def;odl;idl;hpj;bat;asm;asmx</Extensions>
    </Filter>
  </ItemGroup>
  <ItemGroup>
    <ClCompile Include="Region.cpp">
      <Filter>Source Files</Filter>
    </ClCompile>
    <ClCompile Include="Goods.cpp">
      <Filter>Source Files</Filter>
    </ClCompile>
    <ClCompile Include="Agent.cpp">
      <Filter>Source Files</Filter>
    </ClCompile>
    <ClCompile Include="AgentFactory.cpp">
      <Filter>Source Files</Filter>
    </ClCompile>
    <ClCompile Include="Worker.cpp">
      <Filter>Source Files</Filter>
    </ClCompile>
    <ClCompile Include="Firm.cpp">
      <Filter>Source Files</Filter>
    </ClCompile>
    <ClCompile Include="CircularNeighborhood.cpp">
      <Filter>Source Files</Filter>
    </ClCompile>
    <ClCompile Include="CentralBank.cpp">
      <Filter>Source Files</Filter>
    </ClCompile>
    <ClCompile Include="CommercialBank.cpp">
      <Filter>Source Files</Filter>
    </ClCompile>
    <ClCompile Include="TimeSeriesDefinitions.cpp">
      <Filter>Source Files</Filter>
    </ClCompile>
  </ItemGroup>
  <ItemGroup>
    <ClInclude Include="Goods.h">
      <Filter>Source Files</Filter>
    </ClInclude>
    <ClInclude Include="CircularNeighborhood.h">
      <Filter>Source Files</Filter>
    </ClInclude>
    <ClInclude Include="Agent.h">
      <Filter>Source Files</Filter>
    </ClInclude>
    <ClInclude Include="AgentFactory.h">
      <Filter>Source Files</Filter>
    </ClInclude>
    <ClInclude Include="CentralBank.h">
      <Filter>Source Files</Filter>
    </ClInclude>
    <ClInclude Include="CommercialBank.h">
      <Filter>Source Files</Filter>
    </ClInclude>
    <ClInclude Include="Firm.h">
      <Filter>Source Files</Filter>
    </ClInclude>
    <ClInclude Include="Region.h">
      <Filter>Source Files</Filter>
    </ClInclude>
    <ClInclude Include="Worker.h">
      <Filter>Source Files</Filter>
    </ClInclude>
  </ItemGroup>
  <ItemGroup>
    <None Include="packages.config" />
  </ItemGroup>
</Project>